{
  "nodes": {
    "daemonFramework": {
      "inputs": {
        "nixpkgs": [
          "nixpkgs"
        ]
      },
      "locked": {
        "lastModified": 1788051473,
        "narHash": "sha256-KvdGb1Gdad8JSo8r/rVBGdZKkuLm/GlgvF/H1ft7Fkw=",
        "ref": "main",
        "rev": "2624c56a58657b27dd03e3fd7e5a4ca1e2c49bf7",
        "revCount": 20,
        "type": "git",
        "url": "file:../daemon-framework"
      },
      "original": {
        "ref": "main",
        "type": "git",
        "url": "file:../daemon-framework"
      }
    },
    "nixpkgs": {
      "locked": {
        "lastModified": 1781577229,
        "narHash": "sha256-lrp67w8AulE9Ks53n27I45ADSzbOCn4H+CNW1Ck8B+8=",
        "owner": "NixOS",
        "repo": "nixpkgs",
        "rev": "567a49d1913ce81ac6e9582e3553dd90a955875f",
        "type": "github"
      },
      "original": {
        "owner": "NixOS",
        "ref": "nixos-unstable",
        "repo": "nixpkgs",
        "type": "github"
      }
    },
    "root": {
      "inputs": {
        "daemonFramework": "daemonFramework",
        "nixpkgs": "nixpkgs"
      }
    }
  },
  "root": "root",
  "version": 7
}
